
Microsoft Visual Studio Solution File, Format Version 12.00
# Visual Studio Version 17
VisualStudioVersion = 17.10.34928.147
MinimumVisualStudioVersion = 10.0.40219.1
Project("{9A19103F-16F7-4668-BE54-9A1E7A4F7556}") = "MaCaveAVin", "MaCaveAVin\MaCaveAVin.csproj", "{D7294E1D-89A8-4D1B-ABAB-88E1F712D6E3}"
EndProject
Project("{9A19103F-16F7-4668-BE54-9A1E7A4F7556}") = "DomainModel", "DomainModel\DomainModel.csproj", "{C46E20B9-48FE-48E1-9590-053875A50E47}"
EndProject
Project("{9A19103F-16F7-4668-BE54-9A1E7A4F7556}") = "Dal", "Dal\Dal.csproj", "{059CA19C-2F55-49D1-ABDA-9F15EA596D3D}"
EndProject
Project("{FAE04EC0-301F-11D3-BF4B-00C04F79EFBC}") = "ConsoleCellarClient", "ConsoleCellarClient\ConsoleCellarClient.csproj", "{F0DCCF29-E493-4704-813E-1CF79824E085}"
EndProject
Global
	GlobalSection(SolutionConfigurationPlatforms) = preSolution
		Debug|Any CPU = Debug|Any CPU
		Release|Any CPU = Release|Any CPU
	EndGlobalSection
	GlobalSection(ProjectConfigurationPlatforms) = postSolution
		{D7294E1D-89A8-4D1B-ABAB-88E1F712D6E3}.Debug|Any CPU.ActiveCfg = Debug|Any CPU
		{D7294E1D-89A8-4D1B-ABAB-88E1F712D6E3}.Debug|Any CPU.Build.0 = Debug|Any CPU
		{D7294E1D-89A8-4D1B-ABAB-88E1F712D6E3}.Release|Any CPU.ActiveCfg = Release|Any CPU
		{D7294E1D-89A8-4D1B-ABAB-88E1F712D6E3}.Release|Any CPU.Build.0 = Release|Any CPU
		{C46E20B9-48FE-48E1-9590-053875A50E47}.Debug|Any CPU.ActiveCfg = Debug|Any CPU
		{C46E20B9-48FE-48E1-9590-053875A50E47}.Debug|Any CPU.Build.0 = Debug|Any CPU
		{C46E20B9-48FE-48E1-9590-053875A50E47}.Release|Any CPU.ActiveCfg = Release|Any CPU
		{C46E20B9-48FE-48E1-9590-053875A50E47}.Release|Any CPU.Build.0 = Release|Any CPU
		{059CA19C-2F55-49D1-ABDA-9F15EA596D3D}.Debug|Any CPU.ActiveCfg = Debug|Any CPU
		{059CA19C-2F55-49D1-ABDA-9F15EA596D3D}.Debug|Any CPU.Build.0 = Debug|Any CPU
		{059CA19C-2F55-49D1-ABDA-9F15EA596D3D}.Release|Any CPU.ActiveCfg = Release|Any CPU
		{059CA19C-2F55-49D1-ABDA-9F15EA596D3D}.Release|Any CPU.Build.0 = Release|Any CPU
		{F0DCCF29-E493-4704-813E-1CF79824E085}.Debug|Any CPU.ActiveCfg = Debug|Any CPU
		{F0DCCF29-E493-4704-813E-1CF79824E085}.Debug|Any CPU.Build.0 = Debug|Any CPU
		{F0DCCF29-E493-4704-813E-1CF79824E085}.Release|Any CPU.ActiveCfg = Release|Any CPU
		{F0DCCF29-E493-4704-813E-1CF79824E085}.Release|Any CPU.Build.0 = Release|Any CPU
	EndGlobalSection
	GlobalSection(SolutionProperties) = preSolution
		HideSolutionNode = FALSE
	EndGlobalSection
	GlobalSection(ExtensibilityGlobals) = postSolution
		SolutionGuid = {48A0CCB3-6E01-469B-B0BA-36667068FF14}
	EndGlobalSection
EndGlobal
